// !$*UTF8*$!
{
	archiveVersion = 1;
	classes = {
	};
	objectVersion = 55;
	objects = {

/* Begin PBXBuildFile section */
		6F307AA9270924FD009A6EF9 /* WebView.swift in Sources */ = {isa = PBXBuildFile; fileRef = 6F307AA8270924FD009A6EF9 /* WebView.swift */; };
		6F307AAB270A7519009A6EF9 /* Extensions.swift in Sources */ = {isa = PBXBuildFile; fileRef = 6F307AAA270A7519009A6EF9 /* Extensions.swift */; };
		6F307AAD270A754C009A6EF9 /* AVPlayerView.swift in Sources */ = {isa = PBXBuildFile; fileRef = 6F307AAC270A754C009A6EF9 /* AVPlayerView.swift */; };
		6F74A0DE2707B5B5000171B5 /* ChannelsView.swift in Sources */ = {isa = PBXBuildFile; fileRef = 6F74A0DD2707B5B5000171B5 /* ChannelsView.swift */; };
		6F74A0E02707C38D000171B5 /* PlayerView.swift in Sources */ = {isa = PBXBuildFile; fileRef = 6F74A0DF2707C38D000171B5 /* PlayerView.swift */; };
		6F87E9242702A31700434C6E /* IPTVeeApp.swift in Sources */ = {isa = PBXBuildFile; fileRef = 6F87E9232702A31700434C6E /* IPTVeeApp.swift */; };
		6F87E9262702A31700434C6E /* ContentView.swift in Sources */ = {isa = PBXBuildFile; fileRef = 6F87E9252702A31700434C6E /* ContentView.swift */; };
		6F87E9282702A31800434C6E /* Assets.xcassets in Resources */ = {isa = PBXBuildFile; fileRef = 6F87E9272702A31800434C6E /* Assets.xcassets */; };
		6F87E92B2702A31800434C6E /* Preview Assets.xcassets in Resources */ = {isa = PBXBuildFile; fileRef = 6F87E92A2702A31800434C6E /* Preview Assets.xcassets */; };
		6F87E9352702A31800434C6E /* IPTVeeTests.swift in Sources */ = {isa = PBXBuildFile; fileRef = 6F87E9342702A31800434C6E /* IPTVeeTests.swift */; };
		6F87E93F2702A31800434C6E /* IPTVeeUITests.swift in Sources */ = {isa = PBXBuildFile; fileRef = 6F87E93E2702A31800434C6E /* IPTVeeUITests.swift */; };
		6F87E9412702A31800434C6E /* IPTVeeUITestsLaunchTests.swift in Sources */ = {isa = PBXBuildFile; fileRef = 6F87E9402702A31800434C6E /* IPTVeeUITestsLaunchTests.swift */; };
		6F87E97D2702ADA600434C6E /* Login.swift in Sources */ = {isa = PBXBuildFile; fileRef = 6F87E97A2702ADA600434C6E /* Login.swift */; };
		6F87E97E2702ADA600434C6E /* Actions.swift in Sources */ = {isa = PBXBuildFile; fileRef = 6F87E97B2702ADA600434C6E /* Actions.swift */; };
		6F87E97F2702ADA600434C6E /* Global.swift in Sources */ = {isa = PBXBuildFile; fileRef = 6F87E97C2702ADA600434C6E /* Global.swift */; };
		6F87E9822702ADFD00434C6E /* iptvKit in Frameworks */ = {isa = PBXBuildFile; productRef = 6F87E9812702ADFD00434C6E /* iptvKit */; };
		6FAFD739270416C900D49704 /* CategoriesView.swift in Sources */ = {isa = PBXBuildFile; fileRef = 6FAFD738270416C900D49704 /* CategoriesView.swift */; };
/* End PBXBuildFile section */

/* Begin PBXContainerItemProxy section */
		6F87E9312702A31800434C6E /* PBXContainerItemProxy */ = {
			isa = PBXContainerItemProxy;
			containerPortal = 6F87E9182702A31700434C6E /* Project object */;
			proxyType = 1;
			remoteGlobalIDString = 6F87E91F2702A31700434C6E;
			remoteInfo = IPTVee;
		};
		6F87E93B2702A31800434C6E /* PBXContainerItemProxy */ = {
			isa = PBXContainerItemProxy;
			containerPortal = 6F87E9182702A31700434C6E /* Project object */;
			proxyType = 1;
			remoteGlobalIDString = 6F87E91F2702A31700434C6E;
			remoteInfo = IPTVee;
		};
/* End PBXContainerItemProxy section */

/* Begin PBXFileReference section */
		6F307AA8270924FD009A6EF9 /* WebView.swift */ = {isa = PBXFileReference; lastKnownFileType = sourcecode.swift; path = WebView.swift; sourceTree = "<group>"; };
		6F307AAA270A7519009A6EF9 /* Extensions.swift */ = {isa = PBXFileReference; lastKnownFileType = sourcecode.swift; path = Extensions.swift; sourceTree = "<group>"; };
		6F307AAC270A754C009A6EF9 /* AVPlayerView.swift */ = {isa = PBXFileReference; lastKnownFileType = sourcecode.swift; path = AVPlayerView.swift; sourceTree = "<group>"; };
		6F74A0DD2707B5B5000171B5 /* ChannelsView.swift */ = {isa = PBXFileReference; lastKnownFileType = sourcecode.swift; path = ChannelsView.swift; sourceTree = "<group>"; };
		6F74A0DF2707C38D000171B5 /* PlayerView.swift */ = {isa = PBXFileReference; lastKnownFileType = sourcecode.swift; path = PlayerView.swift; sourceTree = "<group>"; };
		6F87E9202702A31700434C6E /* IPTVee.app */ = {isa = PBXFileReference; explicitFileType = wrapper.application; includeInIndex = 0; path = IPTVee.app; sourceTree = BUILT_PRODUCTS_DIR; };
		6F87E9232702A31700434C6E /* IPTVeeApp.swift */ = {isa = PBXFileReference; lastKnownFileType = sourcecode.swift; path = IPTVeeApp.swift; sourceTree = "<group>"; };
		6F87E9252702A31700434C6E /* ContentView.swift */ = {isa = PBXFileReference; lastKnownFileType = sourcecode.swift; path = ContentView.swift; sourceTree = "<group>"; };
		6F87E9272702A31800434C6E /* Assets.xcassets */ = {isa = PBXFileReference; lastKnownFileType = folder.assetcatalog; path = Assets.xcassets; sourceTree = "<group>"; };
		6F87E92A2702A31800434C6E /* Preview Assets.xcassets */ = {isa = PBXFileReference; lastKnownFileType = folder.assetcatalog; path = "Preview Assets.xcassets"; sourceTree = "<group>"; };
		6F87E9302702A31800434C6E /* IPTVeeTests.xctest */ = {isa = PBXFileReference; explicitFileType = wrapper.cfbundle; includeInIndex = 0; path = IPTVeeTests.xctest; sourceTree = BUILT_PRODUCTS_DIR; };
		6F87E9342702A31800434C6E /* IPTVeeTests.swift */ = {isa = PBXFileReference; lastKnownFileType = sourcecode.swift; path = IPTVeeTests.swift; sourceTree = "<group>"; };
		6F87E93A2702A31800434C6E /* IPTVeeUITests.xctest */ = {isa = PBXFileReference; explicitFileType = wrapper.cfbundle; includeInIndex = 0; path = IPTVeeUITests.xctest; sourceTree = BUILT_PRODUCTS_DIR; };
		6F87E93E2702A31800434C6E /* IPTVeeUITests.swift */ = {isa = PBXFileReference; lastKnownFileType = sourcecode.swift; path = IPTVeeUITests.swift; sourceTree = "<group>"; };
		6F87E9402702A31800434C6E /* IPTVeeUITestsLaunchTests.swift */ = {isa = PBXFileReference; lastKnownFileType = sourcecode.swift; path = IPTVeeUITestsLaunchTests.swift; sourceTree = "<group>"; };
		6F87E97A2702ADA600434C6E /* Login.swift */ = {isa = PBXFileReference; fileEncoding = 4; lastKnownFileType = sourcecode.swift; path = Login.swift; sourceTree = "<group>"; };
		6F87E97B2702ADA600434C6E /* Actions.swift */ = {isa = PBXFileReference; fileEncoding = 4; lastKnownFileType = sourcecode.swift; path = Actions.swift; sourceTree = "<group>"; };
		6F87E97C2702ADA600434C6E /* Global.swift */ = {isa = PBXFileReference; fileEncoding = 4; lastKnownFileType = sourcecode.swift; path = Global.swift; sourceTree = "<group>"; };
		6F87E9832702AF1100434C6E /* Info.plist */ = {isa = PBXFileReference; lastKnownFileType = text.plist; path = Info.plist; sourceTree = "<group>"; };
		6FAFD738270416C900D49704 /* CategoriesView.swift */ = {isa = PBXFileReference; lastKnownFileType = sourcecode.swift; path = CategoriesView.swift; sourceTree = "<group>"; };
/* End PBXFileReference section */

/* Begin PBXFrameworksBuildPhase section */
		6F87E91D2702A31700434C6E /* Frameworks */ = {
			isa = PBXFrameworksBuildPhase;
			buildActionMask = 2147483647;
			files = (
				6F87E9822702ADFD00434C6E /* iptvKit in Frameworks */,
			);
			runOnlyForDeploymentPostprocessing = 0;
		};
		6F87E92D2702A31800434C6E /* Frameworks */ = {
			isa = PBXFrameworksBuildPhase;
			buildActionMask = 2147483647;
			files = (
			);
			runOnlyForDeploymentPostprocessing = 0;
		};
		6F87E9372702A31800434C6E /* Frameworks */ = {
			isa = PBXFrameworksBuildPhase;
			buildActionMask = 2147483647;
			files = (
			);
			runOnlyForDeploymentPostprocessing = 0;
		};
/* End PBXFrameworksBuildPhase section */

/* Begin PBXGroup section */
		6F87E9172702A31700434C6E = {
			isa = PBXGroup;
			children = (
				6F87E9222702A31700434C6E /* IPTVee */,
				6F87E9332702A31800434C6E /* IPTVeeTests */,
				6F87E93D2702A31800434C6E /* IPTVeeUITests */,
				6F87E9212702A31700434C6E /* Products */,
				6F87E9802702ADFD00434C6E /* Frameworks */,
			);
			sourceTree = "<group>";
		};
		6F87E9212702A31700434C6E /* Products */ = {
			isa = PBXGroup;
			children = (
				6F87E9202702A31700434C6E /* IPTVee.app */,
				6F87E9302702A31800434C6E /* IPTVeeTests.xctest */,
				6F87E93A2702A31800434C6E /* IPTVeeUITests.xctest */,
			);
			name = Products;
			sourceTree = "<group>";
		};
		6F87E9222702A31700434C6E /* IPTVee */ = {
			isa = PBXGroup;
			children = (
				6F87E9832702AF1100434C6E /* Info.plist */,
				6F87E9232702A31700434C6E /* IPTVeeApp.swift */,
				6F87E9252702A31700434C6E /* ContentView.swift */,
				6FAFD738270416C900D49704 /* CategoriesView.swift */,
				6F74A0DD2707B5B5000171B5 /* ChannelsView.swift */,
				6F74A0DF2707C38D000171B5 /* PlayerView.swift */,
				6F307AAC270A754C009A6EF9 /* AVPlayerView.swift */,
				6F307AA8270924FD009A6EF9 /* WebView.swift */,
				6F87E97B2702ADA600434C6E /* Actions.swift */,
				6F87E97A2702ADA600434C6E /* Login.swift */,
				6F87E97C2702ADA600434C6E /* Global.swift */,
				6F307AAA270A7519009A6EF9 /* Extensions.swift */,
				6F87E9272702A31800434C6E /* Assets.xcassets */,
				6F87E9292702A31800434C6E /* Preview Content */,
			);
			path = IPTVee;
			sourceTree = "<group>";
		};
		6F87E9292702A31800434C6E /* Preview Content */ = {
			isa = PBXGroup;
			children = (
				6F87E92A2702A31800434C6E /* Preview Assets.xcassets */,
			);
			path = "Preview Content";
			sourceTree = "<group>";
		};
		6F87E9332702A31800434C6E /* IPTVeeTests */ = {
			isa = PBXGroup;
			children = (
				6F87E9342702A31800434C6E /* IPTVeeTests.swift */,
			);
			path = IPTVeeTests;
			sourceTree = "<group>";
		};
		6F87E93D2702A31800434C6E /* IPTVeeUITests */ = {
			isa = PBXGroup;
			children = (
				6F87E93E2702A31800434C6E /* IPTVeeUITests.swift */,
				6F87E9402702A31800434C6E /* IPTVeeUITestsLaunchTests.swift */,
			);
			path = IPTVeeUITests;
			sourceTree = "<group>";
		};
		6F87E9802702ADFD00434C6E /* Frameworks */ = {
			isa = PBXGroup;
			children = (
			);
			name = Frameworks;
			sourceTree = "<group>";
		};
/* End PBXGroup section */

/* Begin PBXNativeTarget section */
		6F87E91F2702A31700434C6E /* IPTVee */ = {
			isa = PBXNativeTarget;
			buildConfigurationList = 6F87E9442702A31800434C6E /* Build configuration list for PBXNativeTarget "IPTVee" */;
			buildPhases = (
				6F87E91C2702A31700434C6E /* Sources */,
				6F87E91D2702A31700434C6E /* Frameworks */,
				6F87E91E2702A31700434C6E /* Resources */,
			);
			buildRules = (
			);
			dependencies = (
			);
			name = IPTVee;
			packageProductDependencies = (
				6F87E9812702ADFD00434C6E /* iptvKit */,
			);
			productName = IPTVee;
			productReference = 6F87E9202702A31700434C6E /* IPTVee.app */;
			productType = "com.apple.product-type.application";
		};
		6F87E92F2702A31800434C6E /* IPTVeeTests */ = {
			isa = PBXNativeTarget;
			buildConfigurationList = 6F87E9472702A31800434C6E /* Build configuration list for PBXNativeTarget "IPTVeeTests" */;
			buildPhases = (
				6F87E92C2702A31800434C6E /* Sources */,
				6F87E92D2702A31800434C6E /* Frameworks */,
				6F87E92E2702A31800434C6E /* Resources */,
			);
			buildRules = (
			);
			dependencies = (
				6F87E9322702A31800434C6E /* PBXTargetDependency */,
			);
			name = IPTVeeTests;
			productName = IPTVeeTests;
			productReference = 6F87E9302702A31800434C6E /* IPTVeeTests.xctest */;
			productType = "com.apple.product-type.bundle.unit-test";
		};
		6F87E9392702A31800434C6E /* IPTVeeUITests */ = {
			isa = PBXNativeTarget;
			buildConfigurationList = 6F87E94A2702A31800434C6E /* Build configuration list for PBXNativeTarget "IPTVeeUITests" */;
			buildPhases = (
				6F87E9362702A31800434C6E /* Sources */,
				6F87E9372702A31800434C6E /* Frameworks */,
				6F87E9382702A31800434C6E /* Resources */,
			);
			buildRules = (
			);
			dependencies = (
				6F87E93C2702A31800434C6E /* PBXTargetDependency */,
			);
			name = IPTVeeUITests;
			productName = IPTVeeUITests;
			productReference = 6F87E93A2702A31800434C6E /* IPTVeeUITests.xctest */;
			productType = "com.apple.product-type.bundle.ui-testing";
		};
/* End PBXNativeTarget section */

/* Begin PBXProject section */
		6F87E9182702A31700434C6E /* Project object */ = {
			isa = PBXProject;
			attributes = {
				BuildIndependentTargetsInParallel = 1;
				LastSwiftUpdateCheck = 1300;
				LastUpgradeCheck = 1300;
				TargetAttributes = {
					6F87E91F2702A31700434C6E = {
						CreatedOnToolsVersion = 13.0;
					};
					6F87E92F2702A31800434C6E = {
						CreatedOnToolsVersion = 13.0;
						TestTargetID = 6F87E91F2702A31700434C6E;
					};
					6F87E9392702A31800434C6E = {
						CreatedOnToolsVersion = 13.0;
						TestTargetID = 6F87E91F2702A31700434C6E;
					};
				};
			};
			buildConfigurationList = 6F87E91B2702A31700434C6E /* Build configuration list for PBXProject "IPTVee" */;
			compatibilityVersion = "Xcode 13.0";
			developmentRegion = en;
			hasScannedForEncodings = 0;
			knownRegions = (
				en,
				Base,
			);
			mainGroup = 6F87E9172702A31700434C6E;
			productRefGroup = 6F87E9212702A31700434C6E /* Products */;
			projectDirPath = "";
			projectRoot = "";
			targets = (
				6F87E91F2702A31700434C6E /* IPTVee */,
				6F87E92F2702A31800434C6E /* IPTVeeTests */,
				6F87E9392702A31800434C6E /* IPTVeeUITests */,
			);
		};
/* End PBXProject section */

/* Begin PBXResourcesBuildPhase section */
		6F87E91E2702A31700434C6E /* Resources */ = {
			isa = PBXResourcesBuildPhase;
			buildActionMask = 2147483647;
			files = (
				6F87E92B2702A31800434C6E /* Preview Assets.xcassets in Resources */,
				6F87E9282702A31800434C6E /* Assets.xcassets in Resources */,
			);
			runOnlyForDeploymentPostprocessing = 0;
		};
		6F87E92E2702A31800434C6E /* Resources */ = {
			isa = PBXResourcesBuildPhase;
			buildActionMask = 2147483647;
			files = (
			);
			runOnlyForDeploymentPostprocessing = 0;
		};
		6F87E9382702A31800434C6E /* Resources */ = {
			isa = PBXResourcesBuildPhase;
			buildActionMask = 2147483647;
			files = (
			);
			runOnlyForDeploymentPostprocessing = 0;
		};
/* End PBXResourcesBuildPhase section */

/* Begin PBXSourcesBuildPhase section */
		6F87E91C2702A31700434C6E /* Sources */ = {
			isa = PBXSourcesBuildPhase;
			buildActionMask = 2147483647;
			files = (
				6F87E9262702A31700434C6E /* ContentView.swift in Sources */,
				6F307AA9270924FD009A6EF9 /* WebView.swift in Sources */,
				6F74A0DE2707B5B5000171B5 /* ChannelsView.swift in Sources */,
				6F87E97E2702ADA600434C6E /* Actions.swift in Sources */,
				6F74A0E02707C38D000171B5 /* PlayerView.swift in Sources */,
				6F307AAB270A7519009A6EF9 /* Extensions.swift in Sources */,
				6FAFD739270416C900D49704 /* CategoriesView.swift in Sources */,
				6F87E97D2702ADA600434C6E /* Login.swift in Sources */,
				6F87E97F2702ADA600434C6E /* Global.swift in Sources */,
				6F307AAD270A754C009A6EF9 /* AVPlayerView.swift in Sources */,
				6F87E9242702A31700434C6E /* IPTVeeApp.swift in Sources */,
			);
			runOnlyForDeploymentPostprocessing = 0;
		};
		6F87E92C2702A31800434C6E /* Sources */ = {
			isa = PBXSourcesBuildPhase;
			buildActionMask = 2147483647;
			files = (
				6F87E9352702A31800434C6E /* IPTVeeTests.swift in Sources */,
			);
			runOnlyForDeploymentPostprocessing = 0;
		};
		6F87E9362702A31800434C6E /* Sources */ = {
			isa = PBXSourcesBuildPhase;
			buildActionMask = 2147483647;
			files = (
				6F87E93F2702A31800434C6E /* IPTVeeUITests.swift in Sources */,
				6F87E9412702A31800434C6E /* IPTVeeUITestsLaunchTests.swift in Sources */,
			);
			runOnlyForDeploymentPostprocessing = 0;
		};
/* End PBXSourcesBuildPhase section */

/* Begin PBXTargetDependency section */
		6F87E9322702A31800434C6E /* PBXTargetDependency */ = {
			isa = PBXTargetDependency;
			target = 6F87E91F2702A31700434C6E /* IPTVee */;
			targetProxy = 6F87E9312702A31800434C6E /* PBXContainerItemProxy */;
		};
		6F87E93C2702A31800434C6E /* PBXTargetDependency */ = {
			isa = PBXTargetDependency;
			target = 6F87E91F2702A31700434C6E /* IPTVee */;
			targetProxy = 6F87E93B2702A31800434C6E /* PBXContainerItemProxy */;
		};
/* End PBXTargetDependency section */

/* Begin XCBuildConfiguration section */
		6F87E9422702A31800434C6E /* Debug */ = {
			isa = XCBuildConfiguration;
			buildSettings = {
				ALWAYS_SEARCH_USER_PATHS = NO;
				CLANG_ANALYZER_NONNULL = YES;
				CLANG_ANALYZER_NUMBER_OBJECT_CONVERSION = YES_AGGRESSIVE;
				CLANG_CXX_LANGUAGE_STANDARD = "gnu++17";
				CLANG_CXX_LIBRARY = "libc++";
				CLANG_ENABLE_MODULES = YES;
				CLANG_ENABLE_OBJC_ARC = YES;
				CLANG_ENABLE_OBJC_WEAK = YES;
				CLANG_WARN_BLOCK_CAPTURE_AUTORELEASING = YES;
				CLANG_WARN_BOOL_CONVERSION = YES;
				CLANG_WARN_COMMA = YES;
				CLANG_WARN_CONSTANT_CONVERSION = YES;
				CLANG_WARN_DEPRECATED_OBJC_IMPLEMENTATIONS = YES;
				CLANG_WARN_DIRECT_OBJC_ISA_USAGE = YES_ERROR;
				CLANG_WARN_DOCUMENTATION_COMMENTS = YES;
				CLANG_WARN_EMPTY_BODY = YES;
				CLANG_WARN_ENUM_CONVERSION = YES;
				CLANG_WARN_INFINITE_RECURSION = YES;
				CLANG_WARN_INT_CONVERSION = YES;
				CLANG_WARN_NON_LITERAL_NULL_CONVERSION = YES;
				CLANG_WARN_OBJC_IMPLICIT_RETAIN_SELF = YES;
				CLANG_WARN_OBJC_LITERAL_CONVERSION = YES;
				CLANG_WARN_OBJC_ROOT_CLASS = YES_ERROR;
				CLANG_WARN_QUOTED_INCLUDE_IN_FRAMEWORK_HEADER = YES;
				CLANG_WARN_RANGE_LOOP_ANALYSIS = YES;
				CLANG_WARN_STRICT_PROTOTYPES = YES;
				CLANG_WARN_SUSPICIOUS_MOVE = YES;
				CLANG_WARN_UNGUARDED_AVAILABILITY = YES_AGGRESSIVE;
				CLANG_WARN_UNREACHABLE_CODE = YES;
				CLANG_WARN__DUPLICATE_METHOD_MATCH = YES;
				COPY_PHASE_STRIP = NO;
				DEBUG_INFORMATION_FORMAT = dwarf;
				ENABLE_STRICT_OBJC_MSGSEND = YES;
				ENABLE_TESTABILITY = YES;
				GCC_C_LANGUAGE_STANDARD = gnu11;
				GCC_DYNAMIC_NO_PIC = NO;
				GCC_NO_COMMON_BLOCKS = YES;
				GCC_OPTIMIZATION_LEVEL = 0;
				GCC_PREPROCESSOR_DEFINITIONS = (
					"DEBUG=1",
					"$(inherited)",
				);
				GCC_WARN_64_TO_32_BIT_CONVERSION = YES;
				GCC_WARN_ABOUT_RETURN_TYPE = YES_ERROR;
				GCC_WARN_UNDECLARED_SELECTOR = YES;
				GCC_WARN_UNINITIALIZED_AUTOS = YES_AGGRESSIVE;
				GCC_WARN_UNUSED_FUNCTION = YES;
				GCC_WARN_UNUSED_VARIABLE = YES;
				IPHONEOS_DEPLOYMENT_TARGET = 14.2;
				MTL_ENABLE_DEBUG_INFO = INCLUDE_SOURCE;
				MTL_FAST_MATH = YES;
				ONLY_ACTIVE_ARCH = YES;
				SDKROOT = iphoneos;
				SWIFT_ACTIVE_COMPILATION_CONDITIONS = DEBUG;
				SWIFT_OPTIMIZATION_LEVEL = "-Onone";
			};
			name = Debug;
		};
		6F87E9432702A31800434C6E /* Release */ = {
			isa = XCBuildConfiguration;
			buildSettings = {
				ALWAYS_SEARCH_USER_PATHS = NO;
				CLANG_ANALYZER_NONNULL = YES;
				CLANG_ANALYZER_NUMBER_OBJECT_CONVERSION = YES_AGGRESSIVE;
				CLANG_CXX_LANGUAGE_STANDARD = "gnu++17";
				CLANG_CXX_LIBRARY = "libc++";
				CLANG_ENABLE_MODULES = YES;
				CLANG_ENABLE_OBJC_ARC = YES;
				CLANG_ENABLE_OBJC_WEAK = YES;
				CLANG_WARN_BLOCK_CAPTURE_AUTORELEASING = YES;
				CLANG_WARN_BOOL_CONVERSION = YES;
				CLANG_WARN_COMMA = YES;
				CLANG_WARN_CONSTANT_CONVERSION = YES;
				CLANG_WARN_DEPRECATED_OBJC_IMPLEMENTATIONS = YES;
				CLANG_WARN_DIRECT_OBJC_ISA_USAGE = YES_ERROR;
				CLANG_WARN_DOCUMENTATION_COMMENTS = YES;
				CLANG_WARN_EMPTY_BODY = YES;
				CLANG_WARN_ENUM_CONVERSION = YES;
				CLANG_WARN_INFINITE_RECURSION = YES;
				CLANG_WARN_INT_CONVERSION = YES;
				CLANG_WARN_NON_LITERAL_NULL_CONVERSION = YES;
				CLANG_WARN_OBJC_IMPLICIT_RETAIN_SELF = YES;
				CLANG_WARN_OBJC_LITERAL_CONVERSION = YES;
				CLANG_WARN_OBJC_ROOT_CLASS = YES_ERROR;
				CLANG_WARN_QUOTED_INCLUDE_IN_FRAMEWORK_HEADER = YES;
				CLANG_WARN_RANGE_LOOP_ANALYSIS = YES;
				CLANG_WARN_STRICT_PROTOTYPES = YES;
				CLANG_WARN_SUSPICIOUS_MOVE = YES;
				CLANG_WARN_UNGUARDED_AVAILABILITY = YES_AGGRESSIVE;
				CLANG_WARN_UNREACHABLE_CODE = YES;
				CLANG_WARN__DUPLICATE_METHOD_MATCH = YES;
				COPY_PHASE_STRIP = NO;
				DEBUG_INFORMATION_FORMAT = "dwarf-with-dsym";
				ENABLE_NS_ASSERTIONS = NO;
				ENABLE_STRICT_OBJC_MSGSEND = YES;
				GCC_C_LANGUAGE_STANDARD = gnu11;
				GCC_NO_COMMON_BLOCKS = YES;
				GCC_WARN_64_TO_32_BIT_CONVERSION = YES;
				GCC_WARN_ABOUT_RETURN_TYPE = YES_ERROR;
				GCC_WARN_UNDECLARED_SELECTOR = YES;
				GCC_WARN_UNINITIALIZED_AUTOS = YES_AGGRESSIVE;
				GCC_WARN_UNUSED_FUNCTION = YES;
				GCC_WARN_UNUSED_VARIABLE = YES;
				IPHONEOS_DEPLOYMENT_TARGET = 14.2;
				MTL_ENABLE_DEBUG_INFO = NO;
				MTL_FAST_MATH = YES;
				SDKROOT = iphoneos;
				SWIFT_COMPILATION_MODE = wholemodule;
				SWIFT_OPTIMIZATION_LEVEL = "-O";
				VALIDATE_PRODUCT = YES;
			};
			name = Release;
		};
		6F87E9452702A31800434C6E /* Debug */ = {
			isa = XCBuildConfiguration;
			buildSettings = {
				ASSETCATALOG_COMPILER_APPICON_NAME = AppIcon;
				ASSETCATALOG_COMPILER_GLOBAL_ACCENT_COLOR_NAME = AccentColor;
				CODE_SIGN_STYLE = Automatic;
				CURRENT_PROJECT_VERSION = 1;
				DEVELOPMENT_ASSET_PATHS = "\"IPTVee/Preview Content\"";
				DEVELOPMENT_TEAM = 469UCUB275;
				ENABLE_PREVIEWS = YES;
				GENERATE_INFOPLIST_FILE = YES;
				INFOPLIST_FILE = IPTVee/Info.plist;
				INFOPLIST_KEY_UIApplicationSceneManifest_Generation = YES;
				INFOPLIST_KEY_UIApplicationSupportsIndirectInputEvents = YES;
				INFOPLIST_KEY_UILaunchScreen_Generation = YES;
				INFOPLIST_KEY_UIRequiresFullScreen = YES;
				INFOPLIST_KEY_UISupportedInterfaceOrientations = "UIInterfaceOrientationPortrait UIInterfaceOrientationPortraitUpsideDown";
				INFOPLIST_KEY_UISupportedInterfaceOrientations_iPad = "UIInterfaceOrientationPortrait UIInterfaceOrientationPortraitUpsideDown UIInterfaceOrientationLandscapeLeft UIInterfaceOrientationLandscapeRight";
				INFOPLIST_KEY_UISupportedInterfaceOrientations_iPhone = "UIInterfaceOrientationPortrait UIInterfaceOrientationLandscapeLeft UIInterfaceOrientationLandscapeRight";
				IPHONEOS_DEPLOYMENT_TARGET = 14.2;
				LD_RUNPATH_SEARCH_PATHS = (
					"$(inherited)",
					"@executable_path/Frameworks",
				);
				MARKETING_VERSION = 1.0;
				PRODUCT_BUNDLE_IDENTIFIER = com.brusstodd.IPTVee;
				PRODUCT_NAME = "$(TARGET_NAME)";
				SWIFT_EMIT_LOC_STRINGS = YES;
				SWIFT_VERSION = 5.0;
				TARGETED_DEVICE_FAMILY = "1,2";
			};
			name = Debug;
		};
		6F87E9462702A31800434C6E /* Release */ = {
			isa = XCBuildConfiguration;
			buildSettings = {
				ASSETCATALOG_COMPILER_APPICON_NAME = AppIcon;
				ASSETCATALOG_COMPILER_GLOBAL_ACCENT_COLOR_NAME = AccentColor;
				CODE_SIGN_STYLE = Automatic;
				CURRENT_PROJECT_VERSION = 1;
				DEVELOPMENT_ASSET_PATHS = "\"IPTVee/Preview Content\"";
				DEVELOPMENT_TEAM = 469UCUB275;
				ENABLE_PREVIEWS = YES;
				GENERATE_INFOPLIST_FILE = YES;
				INFOPLIST_FILE = IPTVee/Info.plist;
				INFOPLIST_KEY_UIApplicationSceneManifest_Generation = YES;
				INFOPLIST_KEY_UIApplicationSupportsIndirectInputEvents = YES;
				INFOPLIST_KEY_UILaunchScreen_Generation = YES;
				INFOPLIST_KEY_UIRequiresFullScreen = YES;
				INFOPLIST_KEY_UISupportedInterfaceOrientations = "UIInterfaceOrientationPortrait UIInterfaceOrientationPortraitUpsideDown";
				INFOPLIST_KEY_UISupportedInterfaceOrientations_iPad = "UIInterfaceOrientationPortrait UIInterfaceOrientationPortraitUpsideDown UIInterfaceOrientationLandscapeLeft UIInterfaceOrientationLandscapeRight";
				INFOPLIST_KEY_UISupportedInterfaceOrientations_iPhone = "UIInterfaceOrientationPortrait UIInterfaceOrientationLandscapeLeft UIInterfaceOrientationLandscapeRight";
				IPHONEOS_DEPLOYMENT_TARGET = 14.2;
				LD_RUNPATH_SEARCH_PATHS = (
					"$(inherited)",
					"@executable_path/Frameworks",
				);
				MARKETING_VERSION = 1.0;
				PRODUCT_BUNDLE_IDENTIFIER = com.brusstodd.IPTVee;
				PRODUCT_NAME = "$(TARGET_NAME)";
				SWIFT_EMIT_LOC_STRINGS = YES;
				SWIFT_VERSION = 5.0;
				TARGETED_DEVICE_FAMILY = "1,2";
			};
			name = Release;
		};
		6F87E9482702A31800434C6E /* Debug */ = {
			isa = XCBuildConfiguration;
			buildSettings = {
				ALWAYS_EMBED_SWIFT_STANDARD_LIBRARIES = YES;
				BUNDLE_LOADER = "$(TEST_HOST)";
				CODE_SIGN_STYLE = Automatic;
				CURRENT_PROJECT_VERSION = 1;
				DEVELOPMENT_TEAM = 469UCUB275;
				GENERATE_INFOPLIST_FILE = YES;
				IPHONEOS_DEPLOYMENT_TARGET = 14.0;
				LD_RUNPATH_SEARCH_PATHS = (
					"$(inherited)",
					"@executable_path/Frameworks",
					"@loader_path/Frameworks",
				);
				MARKETING_VERSION = 1.0;
				PRODUCT_BUNDLE_IDENTIFIER = com.brusstodd.IPTVeeTests;
				PRODUCT_NAME = "$(TARGET_NAME)";
				SWIFT_EMIT_LOC_STRINGS = NO;
				SWIFT_VERSION = 5.0;
				TARGETED_DEVICE_FAMILY = "1,2";
				TEST_HOST = "$(BUILT_PRODUCTS_DIR)/IPTVee.app/IPTVee";
			};
			name = Debug;
		};
		6F87E9492702A31800434C6E /* Release */ = {
			isa = XCBuildConfiguration;
			buildSettings = {
				ALWAYS_EMBED_SWIFT_STANDARD_LIBRARIES = YES;
				BUNDLE_LOADER = "$(TEST_HOST)";
				CODE_SIGN_STYLE = Automatic;
				CURRENT_PROJECT_VERSION = 1;
				DEVELOPMENT_TEAM = 469UCUB275;
				GENERATE_INFOPLIST_FILE = YES;
				IPHONEOS_DEPLOYMENT_TARGET = 14.0;
				LD_RUNPATH_SEARCH_PATHS = (
					"$(inherited)",
					"@executable_path/Frameworks",
					"@loader_path/Frameworks",
				);
				MARKETING_VERSION = 1.0;
				PRODUCT_BUNDLE_IDENTIFIER = com.brusstodd.IPTVeeTests;
				PRODUCT_NAME = "$(TARGET_NAME)";
				SWIFT_EMIT_LOC_STRINGS = NO;
				SWIFT_VERSION = 5.0;
				TARGETED_DEVICE_FAMILY = "1,2";
				TEST_HOST = "$(BUILT_PRODUCTS_DIR)/IPTVee.app/IPTVee";
			};
			name = Release;
		};
		6F87E94B2702A31800434C6E /* Debug */ = {
			isa = XCBuildConfiguration;
			buildSettings = {
				ALWAYS_EMBED_SWIFT_STANDARD_LIBRARIES = YES;
				CODE_SIGN_STYLE = Automatic;
				CURRENT_PROJECT_VERSION = 1;
				DEVELOPMENT_TEAM = 469UCUB275;
				GENERATE_INFOPLIST_FILE = YES;
				LD_RUNPATH_SEARCH_PATHS = (
					"$(inherited)",
					"@executable_path/Frameworks",
					"@loader_path/Frameworks",
				);
				MARKETING_VERSION = 1.0;
				PRODUCT_BUNDLE_IDENTIFIER = com.brusstodd.IPTVeeUITests;
				PRODUCT_NAME = "$(TARGET_NAME)";
				SWIFT_EMIT_LOC_STRINGS = NO;
				SWIFT_VERSION = 5.0;
				TARGETED_DEVICE_FAMILY = "1,2";
				TEST_TARGET_NAME = IPTVee;
			};
			name = Debug;
		};
		6F87E94C2702A31800434C6E /* Release */ = {
			isa = XCBuildConfiguration;
			buildSettings = {
				ALWAYS_EMBED_SWIFT_STANDARD_LIBRARIES = YES;
				CODE_SIGN_STYLE = Automatic;
				CURRENT_PROJECT_VERSION = 1;
				DEVELOPMENT_TEAM = 469UCUB275;
				GENERATE_INFOPLIST_FILE = YES;
				LD_RUNPATH_SEARCH_PATHS = (
					"$(inherited)",
					"@executable_path/Frameworks",
					"@loader_path/Frameworks",
				);
				MARKETING_VERSION = 1.0;
				PRODUCT_BUNDLE_IDENTIFIER = com.brusstodd.IPTVeeUITests;
				PRODUCT_NAME = "$(TARGET_NAME)";
				SWIFT_EMIT_LOC_STRINGS = NO;
				SWIFT_VERSION = 5.0;
				TARGETED_DEVICE_FAMILY = "1,2";
				TEST_TARGET_NAME = IPTVee;
			};
			name = Release;
		};
/* End XCBuildConfiguration section */

/* Begin XCConfigurationList section */
		6F87E91B2702A31700434C6E /* Build configuration list for PBXProject "IPTVee" */ = {
			isa = XCConfigurationList;
			buildConfigurations = (
				6F87E9422702A31800434C6E /* Debug */,
				6F87E9432702A31800434C6E /* Release */,
			);
			defaultConfigurationIsVisible = 0;
			defaultConfigurationName = Release;
		};
		6F87E9442702A31800434C6E /* Build configuration list for PBXNativeTarget "IPTVee" */ = {
			isa = XCConfigurationList;
			buildConfigurations = (
				6F87E9452702A31800434C6E /* Debug */,
				6F87E9462702A31800434C6E /* Release */,
			);
			defaultConfigurationIsVisible = 0;
			defaultConfigurationName = Release;
		};
		6F87E9472702A31800434C6E /* Build configuration list for PBXNativeTarget "IPTVeeTests" */ = {
			isa = XCConfigurationList;
			buildConfigurations = (
				6F87E9482702A31800434C6E /* Debug */,
				6F87E9492702A31800434C6E /* Release */,
			);
			defaultConfigurationIsVisible = 0;
			defaultConfigurationName = Release;
		};
		6F87E94A2702A31800434C6E /* Build configuration list for PBXNativeTarget "IPTVeeUITests" */ = {
			isa = XCConfigurationList;
			buildConfigurations = (
				6F87E94B2702A31800434C6E /* Debug */,
				6F87E94C2702A31800434C6E /* Release */,
			);
			defaultConfigurationIsVisible = 0;
			defaultConfigurationName = Release;
		};
/* End XCConfigurationList section */

/* Begin XCSwiftPackageProductDependency section */
		6F87E9812702ADFD00434C6E /* iptvKit */ = {
			isa = XCSwiftPackageProductDependency;
			productName = iptvKit;
		};
/* End XCSwiftPackageProductDependency section */
	};
	rootObject = 6F87E9182702A31700434C6E /* Project object */;
}
