// !$*UTF8*$!
{
	archiveVersion = 1;
	classes = {
	};
	objectVersion = 55;
	objects = {

/* Begin PBXBuildFile section */
		6F0934842735D626007769A0 /* iOS.swift in Sources */ = {isa = PBXBuildFile; fileRef = 6F0934832735D626007769A0 /* iOS.swift */; };
		6F15FE16272A205100F05971 /* PlayerSettings.swift in Sources */ = {isa = PBXBuildFile; fileRef = 6F15FE15272A205100F05971 /* PlayerSettings.swift */; };
		6F307AA9270924FD009A6EF9 /* AVPlayerView.swift in Sources */ = {isa = PBXBuildFile; fileRef = 6F307AA8270924FD009A6EF9 /* AVPlayerView.swift */; };
		6F31610E273485E300181A32 /* NowPlayingView.swift in Sources */ = {isa = PBXBuildFile; fileRef = 6F31610D273485E300181A32 /* NowPlayingView.swift */; };
		6F5A1B622732011B0069BA92 /* AboutScreenView.swift in Sources */ = {isa = PBXBuildFile; fileRef = 6F5A1B612732011A0069BA92 /* AboutScreenView.swift */; };
		6F5A1B6627320D2E0069BA92 /* PlayerClass.swift in Sources */ = {isa = PBXBuildFile; fileRef = 6F5A1B6527320D2E0069BA92 /* PlayerClass.swift */; };
		6F74A0DE2707B5B5000171B5 /* ChannelsView.swift in Sources */ = {isa = PBXBuildFile; fileRef = 6F74A0DD2707B5B5000171B5 /* ChannelsView.swift */; };
		6F74A0E02707C38D000171B5 /* PlayerView.swift in Sources */ = {isa = PBXBuildFile; fileRef = 6F74A0DF2707C38D000171B5 /* PlayerView.swift */; };
		6F856D6A2725EE90001C1A79 /* HLSx.swift in Sources */ = {isa = PBXBuildFile; fileRef = 6F856D692725EE90001C1A79 /* HLSx.swift */; };
		6F87E9242702A31700434C6E /* IPTVeeApp.swift in Sources */ = {isa = PBXBuildFile; fileRef = 6F87E9232702A31700434C6E /* IPTVeeApp.swift */; };
		6F87E9282702A31800434C6E /* Assets.xcassets in Resources */ = {isa = PBXBuildFile; fileRef = 6F87E9272702A31800434C6E /* Assets.xcassets */; };
		6F87E92B2702A31800434C6E /* Preview Assets.xcassets in Resources */ = {isa = PBXBuildFile; fileRef = 6F87E92A2702A31800434C6E /* Preview Assets.xcassets */; };
		6FA65FB927113D5C009DA6AF /* iptvKit in Frameworks */ = {isa = PBXBuildFile; productRef = 6FA65FB827113D5C009DA6AF /* iptvKit */; };
		6FA9C65E2727785C00598396 /* Swifter in Frameworks */ = {isa = PBXBuildFile; productRef = 6FA9C65D2727785C00598396 /* Swifter */; };
		6FAFD739270416C900D49704 /* ContentView.swift in Sources */ = {isa = PBXBuildFile; fileRef = 6FAFD738270416C900D49704 /* ContentView.swift */; };
		6FC456F1275923AB006C39D1 /* NukeUI in Frameworks */ = {isa = PBXBuildFile; productRef = 6FC456F0275923AB006C39D1 /* NukeUI */; };
		6FC456F727592425006C39D1 /* KSPlayer in Frameworks */ = {isa = PBXBuildFile; productRef = 6FC456F627592425006C39D1 /* KSPlayer */; };
		6FE92CEB278530B1009F8118 /* CategoriesView.swift in Sources */ = {isa = PBXBuildFile; fileRef = 6FE92CEA278530B1009F8118 /* CategoriesView.swift */; };
		6FF7E9EB272D991D001B5F22 /* LoginSheetView.swift in Sources */ = {isa = PBXBuildFile; fileRef = 6FF7E9EA272D991D001B5F22 /* LoginSheetView.swift */; };
/* End PBXBuildFile section */

/* Begin PBXFileReference section */
		6F0934832735D626007769A0 /* iOS.swift */ = {isa = PBXFileReference; lastKnownFileType = sourcecode.swift; path = iOS.swift; sourceTree = "<group>"; };
		6F15FE15272A205100F05971 /* PlayerSettings.swift */ = {isa = PBXFileReference; lastKnownFileType = sourcecode.swift; path = PlayerSettings.swift; sourceTree = "<group>"; };
		6F22DB732715F4420077CDA0 /* IPTVee.entitlements */ = {isa = PBXFileReference; lastKnownFileType = text.plist.entitlements; path = IPTVee.entitlements; sourceTree = "<group>"; };
		6F307AA8270924FD009A6EF9 /* AVPlayerView.swift */ = {isa = PBXFileReference; lastKnownFileType = sourcecode.swift; path = AVPlayerView.swift; sourceTree = "<group>"; };
		6F31610D273485E300181A32 /* NowPlayingView.swift */ = {isa = PBXFileReference; lastKnownFileType = sourcecode.swift; path = NowPlayingView.swift; sourceTree = "<group>"; };
		6F512E292711558A0010BE18 /* XCTest.framework */ = {isa = PBXFileReference; lastKnownFileType = wrapper.framework; name = XCTest.framework; path = Platforms/iPhoneOS.platform/Developer/Library/Frameworks/XCTest.framework; sourceTree = DEVELOPER_DIR; };
		6F5A1B612732011A0069BA92 /* AboutScreenView.swift */ = {isa = PBXFileReference; lastKnownFileType = sourcecode.swift; path = AboutScreenView.swift; sourceTree = "<group>"; };
		6F5A1B6527320D2E0069BA92 /* PlayerClass.swift */ = {isa = PBXFileReference; lastKnownFileType = sourcecode.swift; path = PlayerClass.swift; sourceTree = "<group>"; };
		6F74A0DD2707B5B5000171B5 /* ChannelsView.swift */ = {isa = PBXFileReference; lastKnownFileType = sourcecode.swift; path = ChannelsView.swift; sourceTree = "<group>"; };
		6F74A0DF2707C38D000171B5 /* PlayerView.swift */ = {isa = PBXFileReference; lastKnownFileType = sourcecode.swift; path = PlayerView.swift; sourceTree = "<group>"; };
		6F856D692725EE90001C1A79 /* HLSx.swift */ = {isa = PBXFileReference; lastKnownFileType = sourcecode.swift; path = HLSx.swift; sourceTree = "<group>"; };
		6F87E9202702A31700434C6E /* IPTVee.app */ = {isa = PBXFileReference; explicitFileType = wrapper.application; includeInIndex = 0; path = IPTVee.app; sourceTree = BUILT_PRODUCTS_DIR; };
		6F87E9232702A31700434C6E /* IPTVeeApp.swift */ = {isa = PBXFileReference; lastKnownFileType = sourcecode.swift; path = IPTVeeApp.swift; sourceTree = "<group>"; };
		6F87E9272702A31800434C6E /* Assets.xcassets */ = {isa = PBXFileReference; lastKnownFileType = folder.assetcatalog; path = Assets.xcassets; sourceTree = "<group>"; };
		6F87E92A2702A31800434C6E /* Preview Assets.xcassets */ = {isa = PBXFileReference; lastKnownFileType = folder.assetcatalog; path = "Preview Assets.xcassets"; sourceTree = "<group>"; };
		6F87E9832702AF1100434C6E /* Info.plist */ = {isa = PBXFileReference; lastKnownFileType = text.plist; path = Info.plist; sourceTree = "<group>"; };
		6FAFD738270416C900D49704 /* ContentView.swift */ = {isa = PBXFileReference; lastKnownFileType = sourcecode.swift; path = ContentView.swift; sourceTree = "<group>"; };
		6FE92CEA278530B1009F8118 /* CategoriesView.swift */ = {isa = PBXFileReference; fileEncoding = 4; lastKnownFileType = sourcecode.swift; path = CategoriesView.swift; sourceTree = "<group>"; };
		6FF7E9EA272D991D001B5F22 /* LoginSheetView.swift */ = {isa = PBXFileReference; fileEncoding = 4; lastKnownFileType = sourcecode.swift; path = LoginSheetView.swift; sourceTree = "<group>"; };
/* End PBXFileReference section */

/* Begin PBXFrameworksBuildPhase section */
		6F87E91D2702A31700434C6E /* Frameworks */ = {
			isa = PBXFrameworksBuildPhase;
			buildActionMask = 2147483647;
			files = (
				6FC456F1275923AB006C39D1 /* NukeUI in Frameworks */,
				6FA65FB927113D5C009DA6AF /* iptvKit in Frameworks */,
				6FA9C65E2727785C00598396 /* Swifter in Frameworks */,
				6FC456F727592425006C39D1 /* KSPlayer in Frameworks */,
			);
			runOnlyForDeploymentPostprocessing = 0;
		};
/* End PBXFrameworksBuildPhase section */

/* Begin PBXGroup section */
		6F87E9172702A31700434C6E = {
			isa = PBXGroup;
			children = (
				6F87E9222702A31700434C6E /* IPTVee */,
				6F87E9212702A31700434C6E /* Products */,
				6F87E9802702ADFD00434C6E /* Frameworks */,
			);
			sourceTree = "<group>";
		};
		6F87E9212702A31700434C6E /* Products */ = {
			isa = PBXGroup;
			children = (
				6F87E9202702A31700434C6E /* IPTVee.app */,
			);
			name = Products;
			sourceTree = "<group>";
		};
		6F87E9222702A31700434C6E /* IPTVee */ = {
			isa = PBXGroup;
			children = (
				6F22DB732715F4420077CDA0 /* IPTVee.entitlements */,
				6F87E9832702AF1100434C6E /* Info.plist */,
				6FE92CEA278530B1009F8118 /* CategoriesView.swift */,
				6F87E9232702A31700434C6E /* IPTVeeApp.swift */,
				6F5A1B612732011A0069BA92 /* AboutScreenView.swift */,
				6FAFD738270416C900D49704 /* ContentView.swift */,
				6FF7E9EA272D991D001B5F22 /* LoginSheetView.swift */,
				6F74A0DD2707B5B5000171B5 /* ChannelsView.swift */,
				6F74A0DF2707C38D000171B5 /* PlayerView.swift */,
				6F31610D273485E300181A32 /* NowPlayingView.swift */,
				6F5A1B6527320D2E0069BA92 /* PlayerClass.swift */,
				6F307AA8270924FD009A6EF9 /* AVPlayerView.swift */,
				6F15FE15272A205100F05971 /* PlayerSettings.swift */,
				6F856D692725EE90001C1A79 /* HLSx.swift */,
				6F0934832735D626007769A0 /* iOS.swift */,
				6F87E9272702A31800434C6E /* Assets.xcassets */,
				6F87E9292702A31800434C6E /* Preview Content */,
			);
			path = IPTVee;
			sourceTree = "<group>";
		};
		6F87E9292702A31800434C6E /* Preview Content */ = {
			isa = PBXGroup;
			children = (
				6F87E92A2702A31800434C6E /* Preview Assets.xcassets */,
			);
			path = "Preview Content";
			sourceTree = "<group>";
		};
		6F87E9802702ADFD00434C6E /* Frameworks */ = {
			isa = PBXGroup;
			children = (
				6F512E292711558A0010BE18 /* XCTest.framework */,
			);
			name = Frameworks;
			sourceTree = "<group>";
		};
/* End PBXGroup section */

/* Begin PBXNativeTarget section */
		6F87E91F2702A31700434C6E /* IPTVee */ = {
			isa = PBXNativeTarget;
			buildConfigurationList = 6F87E9442702A31800434C6E /* Build configuration list for PBXNativeTarget "IPTVee" */;
			buildPhases = (
				6F87E91C2702A31700434C6E /* Sources */,
				6F87E91D2702A31700434C6E /* Frameworks */,
				6F87E91E2702A31700434C6E /* Resources */,
			);
			buildRules = (
			);
			dependencies = (
			);
			name = IPTVee;
			packageProductDependencies = (
				6FA65FB827113D5C009DA6AF /* iptvKit */,
				6FA9C65D2727785C00598396 /* Swifter */,
				6FC456F0275923AB006C39D1 /* NukeUI */,
				6FC456F627592425006C39D1 /* KSPlayer */,
			);
			productName = IPTVee;
			productReference = 6F87E9202702A31700434C6E /* IPTVee.app */;
			productType = "com.apple.product-type.application";
		};
/* End PBXNativeTarget section */

/* Begin PBXProject section */
		6F87E9182702A31700434C6E /* Project object */ = {
			isa = PBXProject;
			attributes = {
				BuildIndependentTargetsInParallel = 1;
				LastSwiftUpdateCheck = 1300;
				LastUpgradeCheck = 1300;
				TargetAttributes = {
					6F87E91F2702A31700434C6E = {
						CreatedOnToolsVersion = 13.0;
					};
				};
			};
			buildConfigurationList = 6F87E91B2702A31700434C6E /* Build configuration list for PBXProject "IPTVee_iOS" */;
			compatibilityVersion = "Xcode 13.0";
			developmentRegion = en;
			hasScannedForEncodings = 0;
			knownRegions = (
				en,
				Base,
			);
			mainGroup = 6F87E9172702A31700434C6E;
			packageReferences = (
				6FA9C65C2727785C00598396 /* XCRemoteSwiftPackageReference "swifter" */,
				6FC456EF275923AB006C39D1 /* XCRemoteSwiftPackageReference "NukeUI" */,
				6FC456F527592425006C39D1 /* XCRemoteSwiftPackageReference "KSPlayer" */,
			);
			productRefGroup = 6F87E9212702A31700434C6E /* Products */;
			projectDirPath = "";
			projectRoot = "";
			targets = (
				6F87E91F2702A31700434C6E /* IPTVee */,
			);
		};
/* End PBXProject section */

/* Begin PBXResourcesBuildPhase section */
		6F87E91E2702A31700434C6E /* Resources */ = {
			isa = PBXResourcesBuildPhase;
			buildActionMask = 2147483647;
			files = (
				6F87E92B2702A31800434C6E /* Preview Assets.xcassets in Resources */,
				6F87E9282702A31800434C6E /* Assets.xcassets in Resources */,
			);
			runOnlyForDeploymentPostprocessing = 0;
		};
/* End PBXResourcesBuildPhase section */

/* Begin PBXSourcesBuildPhase section */
		6F87E91C2702A31700434C6E /* Sources */ = {
			isa = PBXSourcesBuildPhase;
			buildActionMask = 2147483647;
			files = (
				6FF7E9EB272D991D001B5F22 /* LoginSheetView.swift in Sources */,
				6F307AA9270924FD009A6EF9 /* AVPlayerView.swift in Sources */,
				6F5A1B622732011B0069BA92 /* AboutScreenView.swift in Sources */,
				6F74A0DE2707B5B5000171B5 /* ChannelsView.swift in Sources */,
				6F856D6A2725EE90001C1A79 /* HLSx.swift in Sources */,
				6F74A0E02707C38D000171B5 /* PlayerView.swift in Sources */,
				6FE92CEB278530B1009F8118 /* CategoriesView.swift in Sources */,
				6F31610E273485E300181A32 /* NowPlayingView.swift in Sources */,
				6F15FE16272A205100F05971 /* PlayerSettings.swift in Sources */,
				6F0934842735D626007769A0 /* iOS.swift in Sources */,
				6F5A1B6627320D2E0069BA92 /* PlayerClass.swift in Sources */,
				6FAFD739270416C900D49704 /* ContentView.swift in Sources */,
				6F87E9242702A31700434C6E /* IPTVeeApp.swift in Sources */,
			);
			runOnlyForDeploymentPostprocessing = 0;
		};
/* End PBXSourcesBuildPhase section */

/* Begin XCBuildConfiguration section */
		6F87E9422702A31800434C6E /* Debug */ = {
			isa = XCBuildConfiguration;
			buildSettings = {
				ALWAYS_SEARCH_USER_PATHS = YES;
				CLANG_ANALYZER_NONNULL = YES;
				CLANG_ANALYZER_NUMBER_OBJECT_CONVERSION = YES_AGGRESSIVE;
				CLANG_CXX_LANGUAGE_STANDARD = "gnu++17";
				CLANG_CXX_LIBRARY = "libc++";
				CLANG_ENABLE_MODULES = YES;
				CLANG_ENABLE_OBJC_ARC = YES;
				CLANG_ENABLE_OBJC_WEAK = YES;
				CLANG_WARN_BLOCK_CAPTURE_AUTORELEASING = YES;
				CLANG_WARN_BOOL_CONVERSION = YES;
				CLANG_WARN_COMMA = YES;
				CLANG_WARN_CONSTANT_CONVERSION = YES;
				CLANG_WARN_DEPRECATED_OBJC_IMPLEMENTATIONS = YES;
				CLANG_WARN_DIRECT_OBJC_ISA_USAGE = YES_ERROR;
				CLANG_WARN_DOCUMENTATION_COMMENTS = YES;
				CLANG_WARN_EMPTY_BODY = YES;
				CLANG_WARN_ENUM_CONVERSION = YES;
				CLANG_WARN_INFINITE_RECURSION = YES;
				CLANG_WARN_INT_CONVERSION = YES;
				CLANG_WARN_NON_LITERAL_NULL_CONVERSION = YES;
				CLANG_WARN_OBJC_IMPLICIT_RETAIN_SELF = YES;
				CLANG_WARN_OBJC_LITERAL_CONVERSION = YES;
				CLANG_WARN_OBJC_ROOT_CLASS = YES_ERROR;
				CLANG_WARN_QUOTED_INCLUDE_IN_FRAMEWORK_HEADER = YES;
				CLANG_WARN_RANGE_LOOP_ANALYSIS = YES;
				CLANG_WARN_STRICT_PROTOTYPES = YES;
				CLANG_WARN_SUSPICIOUS_MOVE = YES;
				CLANG_WARN_UNGUARDED_AVAILABILITY = YES_AGGRESSIVE;
				CLANG_WARN_UNREACHABLE_CODE = YES;
				CLANG_WARN__DUPLICATE_METHOD_MATCH = YES;
				COPY_PHASE_STRIP = NO;
				DEBUG_INFORMATION_FORMAT = dwarf;
				ENABLE_STRICT_OBJC_MSGSEND = YES;
				ENABLE_TESTABILITY = YES;
				GCC_C_LANGUAGE_STANDARD = gnu11;
				GCC_DYNAMIC_NO_PIC = NO;
				GCC_NO_COMMON_BLOCKS = YES;
				GCC_OPTIMIZATION_LEVEL = 0;
				GCC_PREPROCESSOR_DEFINITIONS = (
					"DEBUG=1",
					"$(inherited)",
				);
				GCC_WARN_64_TO_32_BIT_CONVERSION = YES;
				GCC_WARN_ABOUT_RETURN_TYPE = YES_ERROR;
				GCC_WARN_UNDECLARED_SELECTOR = YES;
				GCC_WARN_UNINITIALIZED_AUTOS = YES_AGGRESSIVE;
				GCC_WARN_UNUSED_FUNCTION = YES;
				GCC_WARN_UNUSED_VARIABLE = YES;
				IPHONEOS_DEPLOYMENT_TARGET = 15.0;
				MTL_ENABLE_DEBUG_INFO = INCLUDE_SOURCE;
				MTL_FAST_MATH = YES;
				ONLY_ACTIVE_ARCH = YES;
				SDKROOT = iphoneos;
				SWIFT_ACTIVE_COMPILATION_CONDITIONS = DEBUG;
				SWIFT_OPTIMIZATION_LEVEL = "-Onone";
			};
			name = Debug;
		};
		6F87E9432702A31800434C6E /* Release */ = {
			isa = XCBuildConfiguration;
			buildSettings = {
				ALWAYS_SEARCH_USER_PATHS = YES;
				CLANG_ANALYZER_NONNULL = YES;
				CLANG_ANALYZER_NUMBER_OBJECT_CONVERSION = YES_AGGRESSIVE;
				CLANG_CXX_LANGUAGE_STANDARD = "gnu++17";
				CLANG_CXX_LIBRARY = "libc++";
				CLANG_ENABLE_MODULES = YES;
				CLANG_ENABLE_OBJC_ARC = YES;
				CLANG_ENABLE_OBJC_WEAK = YES;
				CLANG_WARN_BLOCK_CAPTURE_AUTORELEASING = YES;
				CLANG_WARN_BOOL_CONVERSION = YES;
				CLANG_WARN_COMMA = YES;
				CLANG_WARN_CONSTANT_CONVERSION = YES;
				CLANG_WARN_DEPRECATED_OBJC_IMPLEMENTATIONS = YES;
				CLANG_WARN_DIRECT_OBJC_ISA_USAGE = YES_ERROR;
				CLANG_WARN_DOCUMENTATION_COMMENTS = YES;
				CLANG_WARN_EMPTY_BODY = YES;
				CLANG_WARN_ENUM_CONVERSION = YES;
				CLANG_WARN_INFINITE_RECURSION = YES;
				CLANG_WARN_INT_CONVERSION = YES;
				CLANG_WARN_NON_LITERAL_NULL_CONVERSION = YES;
				CLANG_WARN_OBJC_IMPLICIT_RETAIN_SELF = YES;
				CLANG_WARN_OBJC_LITERAL_CONVERSION = YES;
				CLANG_WARN_OBJC_ROOT_CLASS = YES_ERROR;
				CLANG_WARN_QUOTED_INCLUDE_IN_FRAMEWORK_HEADER = YES;
				CLANG_WARN_RANGE_LOOP_ANALYSIS = YES;
				CLANG_WARN_STRICT_PROTOTYPES = YES;
				CLANG_WARN_SUSPICIOUS_MOVE = YES;
				CLANG_WARN_UNGUARDED_AVAILABILITY = YES_AGGRESSIVE;
				CLANG_WARN_UNREACHABLE_CODE = YES;
				CLANG_WARN__DUPLICATE_METHOD_MATCH = YES;
				COPY_PHASE_STRIP = NO;
				DEBUG_INFORMATION_FORMAT = "dwarf-with-dsym";
				ENABLE_NS_ASSERTIONS = NO;
				ENABLE_STRICT_OBJC_MSGSEND = YES;
				GCC_C_LANGUAGE_STANDARD = gnu11;
				GCC_NO_COMMON_BLOCKS = YES;
				GCC_WARN_64_TO_32_BIT_CONVERSION = YES;
				GCC_WARN_ABOUT_RETURN_TYPE = YES_ERROR;
				GCC_WARN_UNDECLARED_SELECTOR = YES;
				GCC_WARN_UNINITIALIZED_AUTOS = YES_AGGRESSIVE;
				GCC_WARN_UNUSED_FUNCTION = YES;
				GCC_WARN_UNUSED_VARIABLE = YES;
				IPHONEOS_DEPLOYMENT_TARGET = 15.0;
				MTL_ENABLE_DEBUG_INFO = NO;
				MTL_FAST_MATH = YES;
				SDKROOT = iphoneos;
				SWIFT_COMPILATION_MODE = wholemodule;
				SWIFT_OPTIMIZATION_LEVEL = "-O";
				VALIDATE_PRODUCT = YES;
			};
			name = Release;
		};
		6F87E9452702A31800434C6E /* Debug */ = {
			isa = XCBuildConfiguration;
			buildSettings = {
				ASSETCATALOG_COMPILER_APPICON_NAME = AppIcon;
				ASSETCATALOG_COMPILER_GLOBAL_ACCENT_COLOR_NAME = AccentColor;
				CODE_SIGN_ENTITLEMENTS = IPTVee/IPTVee.entitlements;
				CODE_SIGN_STYLE = Automatic;
				CURRENT_PROJECT_VERSION = 111;
				DEVELOPMENT_ASSET_PATHS = "\"IPTVee/Preview Content\"";
				DEVELOPMENT_TEAM = 469UCUB275;
				ENABLE_PREVIEWS = YES;
				GENERATE_INFOPLIST_FILE = YES;
				INFOPLIST_FILE = IPTVee/Info.plist;
				INFOPLIST_KEY_LSApplicationCategoryType = "public.app-category.video";
				INFOPLIST_KEY_UIApplicationSupportsIndirectInputEvents = YES;
				INFOPLIST_KEY_UILaunchScreen_Generation = YES;
				INFOPLIST_KEY_UIRequiresFullScreen = YES;
				INFOPLIST_KEY_UIStatusBarHidden = YES;
				INFOPLIST_KEY_UISupportedInterfaceOrientations = "UIInterfaceOrientationPortrait UIInterfaceOrientationPortraitUpsideDown UIInterfaceOrientationLandscapeLeft UIInterfaceOrientationLandscapeRight";
				INFOPLIST_KEY_UISupportedInterfaceOrientations_iPad = "UIInterfaceOrientationPortrait UIInterfaceOrientationPortraitUpsideDown UIInterfaceOrientationLandscapeLeft UIInterfaceOrientationLandscapeRight";
				INFOPLIST_KEY_UISupportedInterfaceOrientations_iPhone = "UIInterfaceOrientationPortrait UIInterfaceOrientationLandscapeLeft UIInterfaceOrientationLandscapeRight";
				IPHONEOS_DEPLOYMENT_TARGET = 15.0;
				LD_RUNPATH_SEARCH_PATHS = (
					"$(inherited)",
					"@executable_path/Frameworks",
				);
				MARKETING_VERSION = 1.0;
				PRODUCT_BUNDLE_IDENTIFIER = com.brusstodd.iptvee;
				PRODUCT_NAME = "$(TARGET_NAME)";
				SUPPORTS_MACCATALYST = NO;
				SUPPORTS_MAC_DESIGNED_FOR_IPHONE_IPAD = NO;
				SWIFT_EMIT_LOC_STRINGS = YES;
				SWIFT_VERSION = 5.0;
				TARGETED_DEVICE_FAMILY = "1,2";
			};
			name = Debug;
		};
		6F87E9462702A31800434C6E /* Release */ = {
			isa = XCBuildConfiguration;
			buildSettings = {
				ASSETCATALOG_COMPILER_APPICON_NAME = AppIcon;
				ASSETCATALOG_COMPILER_GLOBAL_ACCENT_COLOR_NAME = AccentColor;
				CODE_SIGN_ENTITLEMENTS = IPTVee/IPTVee.entitlements;
				CODE_SIGN_STYLE = Automatic;
				CURRENT_PROJECT_VERSION = 111;
				DEVELOPMENT_ASSET_PATHS = "\"IPTVee/Preview Content\"";
				DEVELOPMENT_TEAM = 469UCUB275;
				ENABLE_PREVIEWS = YES;
				GENERATE_INFOPLIST_FILE = YES;
				INFOPLIST_FILE = IPTVee/Info.plist;
				INFOPLIST_KEY_LSApplicationCategoryType = "public.app-category.video";
				INFOPLIST_KEY_UIApplicationSupportsIndirectInputEvents = YES;
				INFOPLIST_KEY_UILaunchScreen_Generation = YES;
				INFOPLIST_KEY_UIRequiresFullScreen = YES;
				INFOPLIST_KEY_UIStatusBarHidden = YES;
				INFOPLIST_KEY_UISupportedInterfaceOrientations = "UIInterfaceOrientationPortrait UIInterfaceOrientationPortraitUpsideDown UIInterfaceOrientationLandscapeLeft UIInterfaceOrientationLandscapeRight";
				INFOPLIST_KEY_UISupportedInterfaceOrientations_iPad = "UIInterfaceOrientationPortrait UIInterfaceOrientationPortraitUpsideDown UIInterfaceOrientationLandscapeLeft UIInterfaceOrientationLandscapeRight";
				INFOPLIST_KEY_UISupportedInterfaceOrientations_iPhone = "UIInterfaceOrientationPortrait UIInterfaceOrientationLandscapeLeft UIInterfaceOrientationLandscapeRight";
				IPHONEOS_DEPLOYMENT_TARGET = 15.0;
				LD_RUNPATH_SEARCH_PATHS = (
					"$(inherited)",
					"@executable_path/Frameworks",
				);
				MARKETING_VERSION = 1.0;
				PRODUCT_BUNDLE_IDENTIFIER = com.brusstodd.iptvee;
				PRODUCT_NAME = "$(TARGET_NAME)";
				SUPPORTS_MACCATALYST = NO;
				SUPPORTS_MAC_DESIGNED_FOR_IPHONE_IPAD = NO;
				SWIFT_EMIT_LOC_STRINGS = YES;
				SWIFT_VERSION = 5.0;
				TARGETED_DEVICE_FAMILY = "1,2";
			};
			name = Release;
		};
/* End XCBuildConfiguration section */

/* Begin XCConfigurationList section */
		6F87E91B2702A31700434C6E /* Build configuration list for PBXProject "IPTVee_iOS" */ = {
			isa = XCConfigurationList;
			buildConfigurations = (
				6F87E9422702A31800434C6E /* Debug */,
				6F87E9432702A31800434C6E /* Release */,
			);
			defaultConfigurationIsVisible = 0;
			defaultConfigurationName = Release;
		};
		6F87E9442702A31800434C6E /* Build configuration list for PBXNativeTarget "IPTVee" */ = {
			isa = XCConfigurationList;
			buildConfigurations = (
				6F87E9452702A31800434C6E /* Debug */,
				6F87E9462702A31800434C6E /* Release */,
			);
			defaultConfigurationIsVisible = 0;
			defaultConfigurationName = Release;
		};
/* End XCConfigurationList section */

/* Begin XCRemoteSwiftPackageReference section */
		6FA9C65C2727785C00598396 /* XCRemoteSwiftPackageReference "swifter" */ = {
			isa = XCRemoteSwiftPackageReference;
			repositoryURL = "https://github.com/httpswift/swifter";
			requirement = {
				branch = stable;
				kind = branch;
			};
		};
		6FC456EF275923AB006C39D1 /* XCRemoteSwiftPackageReference "NukeUI" */ = {
			isa = XCRemoteSwiftPackageReference;
			repositoryURL = "https://github.com/kean/NukeUI.git";
			requirement = {
				branch = main;
				kind = branch;
			};
		};
		6FC456F527592425006C39D1 /* XCRemoteSwiftPackageReference "KSPlayer" */ = {
			isa = XCRemoteSwiftPackageReference;
			repositoryURL = "https://github.com/kingslay/KSPlayer.git";
			requirement = {
				branch = develop;
				kind = branch;
			};
		};
/* End XCRemoteSwiftPackageReference section */

/* Begin XCSwiftPackageProductDependency section */
		6FA65FB827113D5C009DA6AF /* iptvKit */ = {
			isa = XCSwiftPackageProductDependency;
			productName = iptvKit;
		};
		6FA9C65D2727785C00598396 /* Swifter */ = {
			isa = XCSwiftPackageProductDependency;
			package = 6FA9C65C2727785C00598396 /* XCRemoteSwiftPackageReference "swifter" */;
			productName = Swifter;
		};
		6FC456F0275923AB006C39D1 /* NukeUI */ = {
			isa = XCSwiftPackageProductDependency;
			package = 6FC456EF275923AB006C39D1 /* XCRemoteSwiftPackageReference "NukeUI" */;
			productName = NukeUI;
		};
		6FC456F627592425006C39D1 /* KSPlayer */ = {
			isa = XCSwiftPackageProductDependency;
			package = 6FC456F527592425006C39D1 /* XCRemoteSwiftPackageReference "KSPlayer" */;
			productName = KSPlayer;
		};
/* End XCSwiftPackageProductDependency section */
	};
	rootObject = 6F87E9182702A31700434C6E /* Project object */;
}
